<?xml version="1.0" encoding="utf-8"?>
<Project ToolsVersion="4.0" xmlns="http://schemas.microsoft.com/developer/msbuild/2003">
  <ItemGroup>
    <Filter Include="源文件">
      <UniqueIdentifier>{4FC737F1-C7A5-4376-A066-2A32D752A2FF}</UniqueIdentifier>
      <Extensions>cpp;c;cc;cxx;def;odl;idl;hpj;bat;asm;asmx</Extensions>
    </Filter>
    <Filter Include="头文件">
      <UniqueIdentifier>{93995380-89BD-4b04-88EB-625FBE52EBFB}</UniqueIdentifier>
      <Extensions>h;hh;hpp;hxx;hm;inl;inc;xsd</Extensions>
    </Filter>
    <Filter Include="资源文件">
      <UniqueIdentifier>{67DA6AB6-F800-4c08-8B7A-83BB121AAD01}</UniqueIdentifier>
      <Extensions>rc;ico;cur;bmp;dlg;rc2;rct;bin;rgs;gif;jpg;jpeg;jpe;resx;tiff;tif;png;wav;mfcribbon-ms</Extensions>
    </Filter>
  </ItemGroup>
  <ItemGroup>
    <ClCompile Include="main.cpp">
      <Filter>源文件</Filter>
    </ClCompile>
    <ClCompile Include="cpps_cstate.cpp">
      <Filter>头文件</Filter>
    </ClCompile>
    <ClCompile Include="cpps_value.cpp">
      <Filter>头文件</Filter>
    </ClCompile>
    <ClCompile Include="libcpps.cpp">
      <Filter>头文件</Filter>
    </ClCompile>
    <ClCompile Include="cpps_symbol.cpp">
      <Filter>头文件</Filter>
    </ClCompile>
    <ClCompile Include="cpps_base.cpp">
      <Filter>头文件</Filter>
    </ClCompile>
    <ClCompile Include="cpps_math.cpp">
      <Filter>头文件</Filter>
    </ClCompile>
    <ClCompile Include="cpps_map.cpp">
      <Filter>头文件</Filter>
    </ClCompile>
    <ClCompile Include="cpps_io.cpp">
      <Filter>头文件</Filter>
    </ClCompile>
    <ClCompile Include="cpps_dofunction.cpp">
      <Filter>头文件</Filter>
    </ClCompile>
    <ClCompile Include="cpps_time.cpp">
      <Filter>头文件</Filter>
    </ClCompile>
    <ClCompile Include="cpps_array.cpp">
      <Filter>头文件</Filter>
    </ClCompile>
    <ClCompile Include="cpps_jit_compiler.cpp">
      <Filter>头文件</Filter>
    </ClCompile>
    <ClCompile Include="cpps_string.cpp">
      <Filter>头文件</Filter>
    </ClCompile>
    <ClCompile Include="cpps_gc.cpp">
      <Filter>头文件</Filter>
    </ClCompile>
    <ClCompile Include="cpps_regvar.cpp">
      <Filter>头文件</Filter>
    </ClCompile>
    <ClCompile Include="cpps_debug.cpp">
      <Filter>头文件</Filter>
    </ClCompile>
    <ClCompile Include="cpps_regfunction.cpp">
      <Filter>头文件</Filter>
    </ClCompile>
    <ClCompile Include="cpps_module.cpp">
      <Filter>头文件</Filter>
    </ClCompile>
    <ClCompile Include="cpps_trycatch_error.cpp">
      <Filter>头文件</Filter>
    </ClCompile>
    <ClCompile Include="cpps_lock.cpp">
      <Filter>头文件</Filter>
    </ClCompile>
    <ClCompile Include="cpps_thread.cpp">
      <Filter>头文件</Filter>
    </ClCompile>
  </ItemGroup>
  <ItemGroup>
    <ClInclude Include="cpps.h">
      <Filter>头文件</Filter>
    </ClInclude>
    <ClInclude Include="libcpps.h">
      <Filter>头文件</Filter>
    </ClInclude>
    <ClInclude Include="cpps_is_void.h">
      <Filter>头文件</Filter>
    </ClInclude>
    <ClInclude Include="cpps_call_function.h">
      <Filter>头文件</Filter>
    </ClInclude>
    <ClInclude Include="cpps_make_function.h">
      <Filter>头文件</Filter>
    </ClInclude>
    <ClInclude Include="cpps_function.h">
      <Filter>头文件</Filter>
    </ClInclude>
    <ClInclude Include="cpps_vector.h">
      <Filter>头文件</Filter>
    </ClInclude>
    <ClInclude Include="cpps_enum_param.h">
      <Filter>头文件</Filter>
    </ClInclude>
    <ClInclude Include="cpps_module.h">
      <Filter>头文件</Filter>
    </ClInclude>
    <ClInclude Include="cpps_cstate.h">
      <Filter>头文件</Filter>
    </ClInclude>
    <ClInclude Include="cpps_make_vector.h">
      <Filter>头文件</Filter>
    </ClInclude>
    <ClInclude Include="cpps_regfunction.h">
      <Filter>头文件</Filter>
    </ClInclude>
    <ClInclude Include="cpps_error.h">
      <Filter>头文件</Filter>
    </ClInclude>
    <ClInclude Include="cpps_node.h">
      <Filter>头文件</Filter>
    </ClInclude>
    <ClInclude Include="cpps_regvar.h">
      <Filter>头文件</Filter>
    </ClInclude>
    <ClInclude Include="cpps_def.h">
      <Filter>头文件</Filter>
    </ClInclude>
    <ClInclude Include="cpps_value.h">
      <Filter>头文件</Filter>
    </ClInclude>
    <ClInclude Include="cpps_gcobject.h">
      <Filter>头文件</Filter>
    </ClInclude>
    <ClInclude Include="cpps_cast.h">
      <Filter>头文件</Filter>
    </ClInclude>
    <ClInclude Include="cpps_object.h">
      <Filter>头文件</Filter>
    </ClInclude>
    <ClInclude Include="cpps_converter.h">
      <Filter>头文件</Filter>
    </ClInclude>
    <ClInclude Include="cpps_cat.h">
      <Filter>头文件</Filter>
    </ClInclude>
    <ClInclude Include="cpps_domain.h">
      <Filter>头文件</Filter>
    </ClInclude>
    <ClInclude Include="cpps_buffer.h">
      <Filter>头文件</Filter>
    </ClInclude>
    <ClInclude Include="cpps_symbol.h">
      <Filter>头文件</Filter>
    </ClInclude>
    <ClInclude Include="cpps_cppsfunction.h">
      <Filter>头文件</Filter>
    </ClInclude>
    <ClInclude Include="cpps_base.h">
      <Filter>头文件</Filter>
    </ClInclude>
    <ClInclude Include="cpps_math.h">
      <Filter>头文件</Filter>
    </ClInclude>
    <ClInclude Include="cpps_class.h">
      <Filter>头文件</Filter>
    </ClInclude>
    <ClInclude Include="cpps_classvar.h">
      <Filter>头文件</Filter>
    </ClInclude>
    <ClInclude Include="cpps_map.h">
      <Filter>头文件</Filter>
    </ClInclude>
    <ClInclude Include="cpps_io.h">
      <Filter>头文件</Filter>
    </ClInclude>
    <ClInclude Include="cpps_dofunction.h">
      <Filter>头文件</Filter>
    </ClInclude>
    <ClInclude Include="cpps_time.h">
      <Filter>头文件</Filter>
    </ClInclude>
    <ClInclude Include="cpps_array.h">
      <Filter>头文件</Filter>
    </ClInclude>
    <ClInclude Include="cpps_jit_compiler.h">
      <Filter>头文件</Filter>
    </ClInclude>
    <ClInclude Include="cpps_string.h">
      <Filter>头文件</Filter>
    </ClInclude>
    <ClInclude Include="cpps_gc.h">
      <Filter>头文件</Filter>
    </ClInclude>
    <ClInclude Include="cpps_debug.h">
      <Filter>头文件</Filter>
    </ClInclude>
    <ClInclude Include="cpps_newptr.h">
      <Filter>头文件</Filter>
    </ClInclude>
    <ClInclude Include="cpps_regfunctionfmt.h">
      <Filter>头文件</Filter>
    </ClInclude>
    <ClInclude Include="cpps_trycatch_error.h">
      <Filter>头文件</Filter>
    </ClInclude>
    <ClInclude Include="cpps_lock.h">
      <Filter>头文件</Filter>
    </ClInclude>
    <ClInclude Include="cpps_thread.h">
      <Filter>头文件</Filter>
    </ClInclude>
    <ClInclude Include="coroutine.h">
      <Filter>头文件</Filter>
    </ClInclude>
    <ClInclude Include="cpps_reg_cpps_class.h">
      <Filter>头文件</Filter>
    </ClInclude>
  </ItemGroup>
  <ItemGroup>
    <MASM Include="nativecall.asm">
      <Filter>头文件</Filter>
    </MASM>
  </ItemGroup>
</Project>