
Microsoft Visual Studio Solution File, Format Version 12.00
# Visual Studio Version 17
VisualStudioVersion = 17.0.31919.166
MinimumVisualStudioVersion = 10.0.40219.1
Project("{FAE04EC0-301F-11D3-BF4B-00C04F79EFBC}") = "csharp_example", "csharp_example.csproj", "{87D7945C-F4FC-41E8-8E75-E12FD0C68F40}"
EndProject
Global
	GlobalSection(SolutionConfigurationPlatforms) = preSolution
		Debug|Any CPU = Debug|Any CPU
		Debug|x64 = Debug|x64
		Release|Any CPU = Release|Any CPU
		Release|x64 = Release|x64
	EndGlobalSection
	GlobalSection(ProjectConfigurationPlatforms) = postSolution
		{87D7945C-F4FC-41E8-8E75-E12FD0C68F40}.Debug|Any CPU.ActiveCfg = Debug|Any CPU
		{87D7945C-F4FC-41E8-8E75-E12FD0C68F40}.Debug|Any CPU.Build.0 = Debug|Any CPU
		{87D7945C-F4FC-41E8-8E75-E12FD0C68F40}.Debug|x64.ActiveCfg = Debug|x64
		{87D7945C-F4FC-41E8-8E75-E12FD0C68F40}.Debug|x64.Build.0 = Debug|x64
		{87D7945C-F4FC-41E8-8E75-E12FD0C68F40}.Release|Any CPU.ActiveCfg = Release|Any CPU
		{87D7945C-F4FC-41E8-8E75-E12FD0C68F40}.Release|Any CPU.Build.0 = Release|Any CPU
		{87D7945C-F4FC-41E8-8E75-E12FD0C68F40}.Release|x64.ActiveCfg = Release|x64
		{87D7945C-F4FC-41E8-8E75-E12FD0C68F40}.Release|x64.Build.0 = Release|x64
	EndGlobalSection
	GlobalSection(SolutionProperties) = preSolution
		HideSolutionNode = FALSE
	EndGlobalSection
	GlobalSection(ExtensibilityGlobals) = postSolution
		SolutionGuid = {FDD6EFF0-329D-40F0-BD86-C8C6B3F55295}
	EndGlobalSection
EndGlobal
